
Microsoft Visual Studio Solution File, Format Version 12.00
# Visual Studio Version 16
VisualStudioVersion = 16.0.28714.193
MinimumVisualStudioVersion = 10.0.40219.1
Project("{FAE04EC0-301F-11D3-BF4B-00C04F79EFBC}") = "ConsoleApp1", "ConsoleApp1\ConsoleApp1.csproj", "{03F373CB-C6C0-4FB1-8DB3-3051DCD1565A}"
EndProject
Global
	GlobalSection(SolutionConfigurationPlatforms) = preSolution
		Debug|Any CPU = Debug|Any CPU
		Release|Any CPU = Release|Any CPU
	EndGlobalSection
	GlobalSection(ProjectConfigurationPlatforms) = postSolution
		{03F373CB-C6C0-4FB1-8DB3-3051DCD1565A}.Debug|Any CPU.ActiveCfg = Debug|Any CPU
		{03F373CB-C6C0-4FB1-8DB3-3051DCD1565A}.Debug|Any CPU.Build.0 = Debug|Any CPU
		{03F373CB-C6C0-4FB1-8DB3-3051DCD1565A}.Release|Any CPU.ActiveCfg = Release|Any CPU
		{03F373CB-C6C0-4FB1-8DB3-3051DCD1565A}.Release|Any CPU.Build.0 = Release|Any CPU
	EndGlobalSection
	GlobalSection(SolutionProperties) = preSolution
		HideSolutionNode = FALSE
	EndGlobalSection
	GlobalSection(ExtensibilityGlobals) = postSolution
		SolutionGuid = {48C5B414-D96B-411F-8732-85117777C9A3}
	EndGlobalSection
EndGlobal
