
Microsoft Visual Studio Solution File, Format Version 12.00
# Visual Studio Version 16
VisualStudioVersion = 16.0.28714.193
MinimumVisualStudioVersion = 10.0.40219.1
Project("{FAE04EC0-301F-11D3-BF4B-00C04F79EFBC}") = "chocolatey-vs", "chocolatey-vs\chocolatey-vs.csproj", "{AB9031F8-0719-49D0-8AE3-967664CD7D39}"
EndProject
Global
	GlobalSection(SolutionConfigurationPlatforms) = preSolution
		Debug|Any CPU = Debug|Any CPU
		Release|Any CPU = Release|Any CPU
	EndGlobalSection
	GlobalSection(ProjectConfigurationPlatforms) = postSolution
		{AB9031F8-0719-49D0-8AE3-967664CD7D39}.Debug|Any CPU.ActiveCfg = Debug|Any CPU
		{AB9031F8-0719-49D0-8AE3-967664CD7D39}.Debug|Any CPU.Build.0 = Debug|Any CPU
		{AB9031F8-0719-49D0-8AE3-967664CD7D39}.Release|Any CPU.ActiveCfg = Release|Any CPU
		{AB9031F8-0719-49D0-8AE3-967664CD7D39}.Release|Any CPU.Build.0 = Release|Any CPU
	EndGlobalSection
	GlobalSection(SolutionProperties) = preSolution
		HideSolutionNode = FALSE
	EndGlobalSection
	GlobalSection(ExtensibilityGlobals) = postSolution
		SolutionGuid = {BDAFBEFE-A84E-473E-99BC-CDAAA6952D09}
	EndGlobalSection
EndGlobal
